// !$*UTF8*$!
{
	archiveVersion = 1;
	classes = {
	};
	objectVersion = 48;
	objects = {

/* Begin PBXBuildFile section */
		B3EC38092033363400015081 /* AppDelegate.swift in Sources */ = {isa = PBXBuildFile; fileRef = B3EC38082033363400015081 /* AppDelegate.swift */; };
		B3EC380B2033363400015081 /* ViewController.swift in Sources */ = {isa = PBXBuildFile; fileRef = B3EC380A2033363400015081 /* ViewController.swift */; };
		B3EC380E2033363400015081 /* Main.storyboard in Resources */ = {isa = PBXBuildFile; fileRef = B3EC380C2033363400015081 /* Main.storyboard */; };
		B3EC38112033363400015081 /* foras.xcdatamodeld in Sources */ = {isa = PBXBuildFile; fileRef = B3EC380F2033363400015081 /* foras.xcdatamodeld */; };
		B3EC38132033363400015081 /* Assets.xcassets in Resources */ = {isa = PBXBuildFile; fileRef = B3EC38122033363400015081 /* Assets.xcassets */; };
		B3EC38162033363400015081 /* LaunchScreen.storyboard in Resources */ = {isa = PBXBuildFile; fileRef = B3EC38142033363400015081 /* LaunchScreen.storyboard */; };
		B3EC38212033363500015081 /* forasTests.swift in Sources */ = {isa = PBXBuildFile; fileRef = B3EC38202033363500015081 /* forasTests.swift */; };
		B3EC382C2033363500015081 /* forasUITests.swift in Sources */ = {isa = PBXBuildFile; fileRef = B3EC382B2033363500015081 /* forasUITests.swift */; };
/* End PBXBuildFile section */

/* Begin PBXContainerItemProxy section */
		B3EC381D2033363500015081 /* PBXContainerItemProxy */ = {
			isa = PBXContainerItemProxy;
			containerPortal = B3EC37FD2033363400015081 /* Project object */;
			proxyType = 1;
			remoteGlobalIDString = B3EC38042033363400015081;
			remoteInfo = foras;
		};
		B3EC38282033363500015081 /* PBXContainerItemProxy */ = {
			isa = PBXContainerItemProxy;
			containerPortal = B3EC37FD2033363400015081 /* Project object */;
			proxyType = 1;
			remoteGlobalIDString = B3EC38042033363400015081;
			remoteInfo = foras;
		};
/* End PBXContainerItemProxy section */

/* Begin PBXFileReference section */
		B3EC38052033363400015081 /* foras.app */ = {isa = PBXFileReference; explicitFileType = wrapper.application; includeInIndex = 0; path = foras.app; sourceTree = BUILT_PRODUCTS_DIR; };
		B3EC38082033363400015081 /* AppDelegate.swift */ = {isa = PBXFileReference; lastKnownFileType = sourcecode.swift; path = AppDelegate.swift; sourceTree = "<group>"; };
		B3EC380A2033363400015081 /* ViewController.swift */ = {isa = PBXFileReference; lastKnownFileType = sourcecode.swift; path = ViewController.swift; sourceTree = "<group>"; };
		B3EC380D2033363400015081 /* Base */ = {isa = PBXFileReference; lastKnownFileType = file.storyboard; name = Base; path = Base.lproj/Main.storyboard; sourceTree = "<group>"; };
		B3EC38102033363400015081 /* foras.xcdatamodel */ = {isa = PBXFileReference; lastKnownFileType = wrapper.xcdatamodel; path = foras.xcdatamodel; sourceTree = "<group>"; };
		B3EC38122033363400015081 /* Assets.xcassets */ = {isa = PBXFileReference; lastKnownFileType = folder.assetcatalog; path = Assets.xcassets; sourceTree = "<group>"; };
		B3EC38152033363400015081 /* Base */ = {isa = PBXFileReference; lastKnownFileType = file.storyboard; name = Base; path = Base.lproj/LaunchScreen.storyboard; sourceTree = "<group>"; };
		B3EC38172033363400015081 /* Info.plist */ = {isa = PBXFileReference; lastKnownFileType = text.plist.xml; path = Info.plist; sourceTree = "<group>"; };
		B3EC381C2033363500015081 /* forasTests.xctest */ = {isa = PBXFileReference; explicitFileType = wrapper.cfbundle; includeInIndex = 0; path = forasTests.xctest; sourceTree = BUILT_PRODUCTS_DIR; };
		B3EC38202033363500015081 /* forasTests.swift */ = {isa = PBXFileReference; lastKnownFileType = sourcecode.swift; path = forasTests.swift; sourceTree = "<group>"; };
		B3EC38222033363500015081 /* Info.plist */ = {isa = PBXFileReference; lastKnownFileType = text.plist.xml; path = Info.plist; sourceTree = "<group>"; };
		B3EC38272033363500015081 /* forasUITests.xctest */ = {isa = PBXFileReference; explicitFileType = wrapper.cfbundle; includeInIndex = 0; path = forasUITests.xctest; sourceTree = BUILT_PRODUCTS_DIR; };
		B3EC382B2033363500015081 /* forasUITests.swift */ = {isa = PBXFileReference; lastKnownFileType = sourcecode.swift; path = forasUITests.swift; sourceTree = "<group>"; };
		B3EC382D2033363500015081 /* Info.plist */ = {isa = PBXFileReference; lastKnownFileType = text.plist.xml; path = Info.plist; sourceTree = "<group>"; };
/* End PBXFileReference section */

/* Begin PBXFrameworksBuildPhase section */
		B3EC38022033363400015081 /* Frameworks */ = {
			isa = PBXFrameworksBuildPhase;
			buildActionMask = 2147483647;
			files = (
			);
			runOnlyForDeploymentPostprocessing = 0;
		};
		B3EC38192033363500015081 /* Frameworks */ = {
			isa = PBXFrameworksBuildPhase;
			buildActionMask = 2147483647;
			files = (
			);
			runOnlyForDeploymentPostprocessing = 0;
		};
		B3EC38242033363500015081 /* Frameworks */ = {
			isa = PBXFrameworksBuildPhase;
			buildActionMask = 2147483647;
			files = (
			);
			runOnlyForDeploymentPostprocessing = 0;
		};
/* End PBXFrameworksBuildPhase section */

/* Begin PBXGroup section */
		B3EC37FC2033363400015081 = {
			isa = PBXGroup;
			children = (
				B3EC38072033363400015081 /* foras */,
				B3EC381F2033363500015081 /* forasTests */,
				B3EC382A2033363500015081 /* forasUITests */,
				B3EC38062033363400015081 /* Products */,
			);
			sourceTree = "<group>";
		};
		B3EC38062033363400015081 /* Products */ = {
			isa = PBXGroup;
			children = (
				B3EC38052033363400015081 /* foras.app */,
				B3EC381C2033363500015081 /* forasTests.xctest */,
				B3EC38272033363500015081 /* forasUITests.xctest */,
			);
			name = Products;
			sourceTree = "<group>";
		};
		B3EC38072033363400015081 /* foras */ = {
			isa = PBXGroup;
			children = (
				B3EC38082033363400015081 /* AppDelegate.swift */,
				B3EC380A2033363400015081 /* ViewController.swift */,
				B3EC380C2033363400015081 /* Main.storyboard */,
				B3EC38122033363400015081 /* Assets.xcassets */,
				B3EC38142033363400015081 /* LaunchScreen.storyboard */,
				B3EC38172033363400015081 /* Info.plist */,
				B3EC380F2033363400015081 /* foras.xcdatamodeld */,
			);
			path = foras;
			sourceTree = "<group>";
		};
		B3EC381F2033363500015081 /* forasTests */ = {
			isa = PBXGroup;
			children = (
				B3EC38202033363500015081 /* forasTests.swift */,
				B3EC38222033363500015081 /* Info.plist */,
			);
			path = forasTests;
			sourceTree = "<group>";
		};
		B3EC382A2033363500015081 /* forasUITests */ = {
			isa = PBXGroup;
			children = (
				B3EC382B2033363500015081 /* forasUITests.swift */,
				B3EC382D2033363500015081 /* Info.plist */,
			);
			path = forasUITests;
			sourceTree = "<group>";
		};
/* End PBXGroup section */

/* Begin PBXNativeTarget section */
		B3EC38042033363400015081 /* foras */ = {
			isa = PBXNativeTarget;
			buildConfigurationList = B3EC38302033363500015081 /* Build configuration list for PBXNativeTarget "foras" */;
			buildPhases = (
				B3EC38012033363400015081 /* Sources */,
				B3EC38022033363400015081 /* Frameworks */,
				B3EC38032033363400015081 /* Resources */,
			);
			buildRules = (
			);
			dependencies = (
			);
			name = foras;
			productName = foras;
			productReference = B3EC38052033363400015081 /* foras.app */;
			productType = "com.apple.product-type.application";
		};
		B3EC381B2033363500015081 /* forasTests */ = {
			isa = PBXNativeTarget;
			buildConfigurationList = B3EC38332033363500015081 /* Build configuration list for PBXNativeTarget "forasTests" */;
			buildPhases = (
				B3EC38182033363500015081 /* Sources */,
				B3EC38192033363500015081 /* Frameworks */,
				B3EC381A2033363500015081 /* Resources */,
			);
			buildRules = (
			);
			dependencies = (
				B3EC381E2033363500015081 /* PBXTargetDependency */,
			);
			name = forasTests;
			productName = forasTests;
			productReference = B3EC381C2033363500015081 /* forasTests.xctest */;
			productType = "com.apple.product-type.bundle.unit-test";
		};
		B3EC38262033363500015081 /* forasUITests */ = {
			isa = PBXNativeTarget;
			buildConfigurationList = B3EC38362033363500015081 /* Build configuration list for PBXNativeTarget "forasUITests" */;
			buildPhases = (
				B3EC38232033363500015081 /* Sources */,
				B3EC38242033363500015081 /* Frameworks */,
				B3EC38252033363500015081 /* Resources */,
			);
			buildRules = (
			);
			dependencies = (
				B3EC38292033363500015081 /* PBXTargetDependency */,
			);
			name = forasUITests;
			productName = forasUITests;
			productReference = B3EC38272033363500015081 /* forasUITests.xctest */;
			productType = "com.apple.product-type.bundle.ui-testing";
		};
/* End PBXNativeTarget section */

/* Begin PBXProject section */
		B3EC37FD2033363400015081 /* Project object */ = {
			isa = PBXProject;
			attributes = {
				LastSwiftUpdateCheck = 0920;
				LastUpgradeCheck = 0920;
				ORGANIZATIONNAME = "Damian Perera";
				TargetAttributes = {
					B3EC38042033363400015081 = {
						CreatedOnToolsVersion = 9.2;
						ProvisioningStyle = Automatic;
					};
					B3EC381B2033363500015081 = {
						CreatedOnToolsVersion = 9.2;
						ProvisioningStyle = Automatic;
						TestTargetID = B3EC38042033363400015081;
					};
					B3EC38262033363500015081 = {
						CreatedOnToolsVersion = 9.2;
						ProvisioningStyle = Automatic;
						TestTargetID = B3EC38042033363400015081;
					};
				};
			};
			buildConfigurationList = B3EC38002033363400015081 /* Build configuration list for PBXProject "foras" */;
			compatibilityVersion = "Xcode 8.0";
			developmentRegion = en;
			hasScannedForEncodings = 0;
			knownRegions = (
				en,
				Base,
			);
			mainGroup = B3EC37FC2033363400015081;
			productRefGroup = B3EC38062033363400015081 /* Products */;
			projectDirPath = "";
			projectRoot = "";
			targets = (
				B3EC38042033363400015081 /* foras */,
				B3EC381B2033363500015081 /* forasTests */,
				B3EC38262033363500015081 /* forasUITests */,
			);
		};
/* End PBXProject section */

/* Begin PBXResourcesBuildPhase section */
		B3EC38032033363400015081 /* Resources */ = {
			isa = PBXResourcesBuildPhase;
			buildActionMask = 2147483647;
			files = (
				B3EC38162033363400015081 /* LaunchScreen.storyboard in Resources */,
				B3EC38132033363400015081 /* Assets.xcassets in Resources */,
				B3EC380E2033363400015081 /* Main.storyboard in Resources */,
			);
			runOnlyForDeploymentPostprocessing = 0;
		};
		B3EC381A2033363500015081 /* Resources */ = {
			isa = PBXResourcesBuildPhase;
			buildActionMask = 2147483647;
			files = (
			);
			runOnlyForDeploymentPostprocessing = 0;
		};
		B3EC38252033363500015081 /* Resources */ = {
			isa = PBXResourcesBuildPhase;
			buildActionMask = 2147483647;
			files = (
			);
			runOnlyForDeploymentPostprocessing = 0;
		};
/* End PBXResourcesBuildPhase section */

/* Begin PBXSourcesBuildPhase section */
		B3EC38012033363400015081 /* Sources */ = {
			isa = PBXSourcesBuildPhase;
			buildActionMask = 2147483647;
			files = (
				B3EC38112033363400015081 /* foras.xcdatamodeld in Sources */,
				B3EC380B2033363400015081 /* ViewController.swift in Sources */,
				B3EC38092033363400015081 /* AppDelegate.swift in Sources */,
			);
			runOnlyForDeploymentPostprocessing = 0;
		};
		B3EC38182033363500015081 /* Sources */ = {
			isa = PBXSourcesBuildPhase;
			buildActionMask = 2147483647;
			files = (
				B3EC38212033363500015081 /* forasTests.swift in Sources */,
			);
			runOnlyForDeploymentPostprocessing = 0;
		};
		B3EC38232033363500015081 /* Sources */ = {
			isa = PBXSourcesBuildPhase;
			buildActionMask = 2147483647;
			files = (
				B3EC382C2033363500015081 /* forasUITests.swift in Sources */,
			);
			runOnlyForDeploymentPostprocessing = 0;
		};
/* End PBXSourcesBuildPhase section */

/* Begin PBXTargetDependency section */
		B3EC381E2033363500015081 /* PBXTargetDependency */ = {
			isa = PBXTargetDependency;
			target = B3EC38042033363400015081 /* foras */;
			targetProxy = B3EC381D2033363500015081 /* PBXContainerItemProxy */;
		};
		B3EC38292033363500015081 /* PBXTargetDependency */ = {
			isa = PBXTargetDependency;
			target = B3EC38042033363400015081 /* foras */;
			targetProxy = B3EC38282033363500015081 /* PBXContainerItemProxy */;
		};
/* End PBXTargetDependency section */

/* Begin PBXVariantGroup section */
		B3EC380C2033363400015081 /* Main.storyboard */ = {
			isa = PBXVariantGroup;
			children = (
				B3EC380D2033363400015081 /* Base */,
			);
			name = Main.storyboard;
			sourceTree = "<group>";
		};
		B3EC38142033363400015081 /* LaunchScreen.storyboard */ = {
			isa = PBXVariantGroup;
			children = (
				B3EC38152033363400015081 /* Base */,
			);
			name = LaunchScreen.storyboard;
			sourceTree = "<group>";
		};
/* End PBXVariantGroup section */

/* Begin XCBuildConfiguration section */
		B3EC382E2033363500015081 /* Debug */ = {
			isa = XCBuildConfiguration;
			buildSettings = {
				ALWAYS_SEARCH_USER_PATHS = NO;
				CLANG_ANALYZER_NONNULL = YES;
				CLANG_ANALYZER_NUMBER_OBJECT_CONVERSION = YES_AGGRESSIVE;
				CLANG_CXX_LANGUAGE_STANDARD = "gnu++14";
				CLANG_CXX_LIBRARY = "libc++";
				CLANG_ENABLE_MODULES = YES;
				CLANG_ENABLE_OBJC_ARC = YES;
				CLANG_WARN_BLOCK_CAPTURE_AUTORELEASING = YES;
				CLANG_WARN_BOOL_CONVERSION = YES;
				CLANG_WARN_COMMA = YES;
				CLANG_WARN_CONSTANT_CONVERSION = YES;
				CLANG_WARN_DIRECT_OBJC_ISA_USAGE = YES_ERROR;
				CLANG_WARN_DOCUMENTATION_COMMENTS = YES;
				CLANG_WARN_EMPTY_BODY = YES;
				CLANG_WARN_ENUM_CONVERSION = YES;
				CLANG_WARN_INFINITE_RECURSION = YES;
				CLANG_WARN_INT_CONVERSION = YES;
				CLANG_WARN_NON_LITERAL_NULL_CONVERSION = YES;
				CLANG_WARN_OBJC_LITERAL_CONVERSION = YES;
				CLANG_WARN_OBJC_ROOT_CLASS = YES_ERROR;
				CLANG_WARN_RANGE_LOOP_ANALYSIS = YES;
				CLANG_WARN_STRICT_PROTOTYPES = YES;
				CLANG_WARN_SUSPICIOUS_MOVE = YES;
				CLANG_WARN_UNGUARDED_AVAILABILITY = YES_AGGRESSIVE;
				CLANG_WARN_UNREACHABLE_CODE = YES;
				CLANG_WARN__DUPLICATE_METHOD_MATCH = YES;
				CODE_SIGN_IDENTITY = "iPhone Developer";
				COPY_PHASE_STRIP = NO;
				DEBUG_INFORMATION_FORMAT = dwarf;
				ENABLE_STRICT_OBJC_MSGSEND = YES;
				ENABLE_TESTABILITY = YES;
				GCC_C_LANGUAGE_STANDARD = gnu11;
				GCC_DYNAMIC_NO_PIC = NO;
				GCC_NO_COMMON_BLOCKS = YES;
				GCC_OPTIMIZATION_LEVEL = 0;
				GCC_PREPROCESSOR_DEFINITIONS = (
					"DEBUG=1",
					"$(inherited)",
				);
				GCC_WARN_64_TO_32_BIT_CONVERSION = YES;
				GCC_WARN_ABOUT_RETURN_TYPE = YES_ERROR;
				GCC_WARN_UNDECLARED_SELECTOR = YES;
				GCC_WARN_UNINITIALIZED_AUTOS = YES_AGGRESSIVE;
				GCC_WARN_UNUSED_FUNCTION = YES;
				GCC_WARN_UNUSED_VARIABLE = YES;
				IPHONEOS_DEPLOYMENT_TARGET = 11.2;
				MTL_ENABLE_DEBUG_INFO = YES;
				ONLY_ACTIVE_ARCH = YES;
				SDKROOT = iphoneos;
				SWIFT_ACTIVE_COMPILATION_CONDITIONS = DEBUG;
				SWIFT_OPTIMIZATION_LEVEL = "-Onone";
			};
			name = Debug;
		};
		B3EC382F2033363500015081 /* Release */ = {
			isa = XCBuildConfiguration;
			buildSettings = {
				ALWAYS_SEARCH_USER_PATHS = NO;
				CLANG_ANALYZER_NONNULL = YES;
				CLANG_ANALYZER_NUMBER_OBJECT_CONVERSION = YES_AGGRESSIVE;
				CLANG_CXX_LANGUAGE_STANDARD = "gnu++14";
				CLANG_CXX_LIBRARY = "libc++";
				CLANG_ENABLE_MODULES = YES;
				CLANG_ENABLE_OBJC_ARC = YES;
				CLANG_WARN_BLOCK_CAPTURE_AUTORELEASING = YES;
				CLANG_WARN_BOOL_CONVERSION = YES;
				CLANG_WARN_COMMA = YES;
				CLANG_WARN_CONSTANT_CONVERSION = YES;
				CLANG_WARN_DIRECT_OBJC_ISA_USAGE = YES_ERROR;
				CLANG_WARN_DOCUMENTATION_COMMENTS = YES;
				CLANG_WARN_EMPTY_BODY = YES;
				CLANG_WARN_ENUM_CONVERSION = YES;
				CLANG_WARN_INFINITE_RECURSION = YES;
				CLANG_WARN_INT_CONVERSION = YES;
				CLANG_WARN_NON_LITERAL_NULL_CONVERSION = YES;
				CLANG_WARN_OBJC_LITERAL_CONVERSION = YES;
				CLANG_WARN_OBJC_ROOT_CLASS = YES_ERROR;
				CLANG_WARN_RANGE_LOOP_ANALYSIS = YES;
				CLANG_WARN_STRICT_PROTOTYPES = YES;
				CLANG_WARN_SUSPICIOUS_MOVE = YES;
				CLANG_WARN_UNGUARDED_AVAILABILITY = YES_AGGRESSIVE;
				CLANG_WARN_UNREACHABLE_CODE = YES;
				CLANG_WARN__DUPLICATE_METHOD_MATCH = YES;
				CODE_SIGN_IDENTITY = "iPhone Developer";
				COPY_PHASE_STRIP = NO;
				DEBUG_INFORMATION_FORMAT = "dwarf-with-dsym";
				ENABLE_NS_ASSERTIONS = NO;
				ENABLE_STRICT_OBJC_MSGSEND = YES;
				GCC_C_LANGUAGE_STANDARD = gnu11;
				GCC_NO_COMMON_BLOCKS = YES;
				GCC_WARN_64_TO_32_BIT_CONVERSION = YES;
				GCC_WARN_ABOUT_RETURN_TYPE = YES_ERROR;
				GCC_WARN_UNDECLARED_SELECTOR = YES;
				GCC_WARN_UNINITIALIZED_AUTOS = YES_AGGRESSIVE;
				GCC_WARN_UNUSED_FUNCTION = YES;
				GCC_WARN_UNUSED_VARIABLE = YES;
				IPHONEOS_DEPLOYMENT_TARGET = 11.2;
				MTL_ENABLE_DEBUG_INFO = NO;
				SDKROOT = iphoneos;
				SWIFT_OPTIMIZATION_LEVEL = "-Owholemodule";
				VALIDATE_PRODUCT = YES;
			};
			name = Release;
		};
		B3EC38312033363500015081 /* Debug */ = {
			isa = XCBuildConfiguration;
			buildSettings = {
				ASSETCATALOG_COMPILER_APPICON_NAME = AppIcon;
				CODE_SIGN_STYLE = Automatic;
				DEVELOPMENT_TEAM = 4X63XFM2RY;
				INFOPLIST_FILE = foras/Info.plist;
				LD_RUNPATH_SEARCH_PATHS = "$(inherited) @executable_path/Frameworks";
				PRODUCT_BUNDLE_IDENTIFIER = io.perera.foras;
				PRODUCT_NAME = "$(TARGET_NAME)";
				SWIFT_VERSION = 4.0;
				TARGETED_DEVICE_FAMILY = "1,2";
			};
			name = Debug;
		};
		B3EC38322033363500015081 /* Release */ = {
			isa = XCBuildConfiguration;
			buildSettings = {
				ASSETCATALOG_COMPILER_APPICON_NAME = AppIcon;
				CODE_SIGN_STYLE = Automatic;
				DEVELOPMENT_TEAM = 4X63XFM2RY;
				INFOPLIST_FILE = foras/Info.plist;
				LD_RUNPATH_SEARCH_PATHS = "$(inherited) @executable_path/Frameworks";
				PRODUCT_BUNDLE_IDENTIFIER = io.perera.foras;
				PRODUCT_NAME = "$(TARGET_NAME)";
				SWIFT_VERSION = 4.0;
				TARGETED_DEVICE_FAMILY = "1,2";
			};
			name = Release;
		};
		B3EC38342033363500015081 /* Debug */ = {
			isa = XCBuildConfiguration;
			buildSettings = {
				ALWAYS_EMBED_SWIFT_STANDARD_LIBRARIES = YES;
				BUNDLE_LOADER = "$(TEST_HOST)";
				CODE_SIGN_STYLE = Automatic;
				DEVELOPMENT_TEAM = 4X63XFM2RY;
				INFOPLIST_FILE = forasTests/Info.plist;
				LD_RUNPATH_SEARCH_PATHS = "$(inherited) @executable_path/Frameworks @loader_path/Frameworks";
				PRODUCT_BUNDLE_IDENTIFIER = io.perera.forasTests;
				PRODUCT_NAME = "$(TARGET_NAME)";
				SWIFT_VERSION = 4.0;
				TARGETED_DEVICE_FAMILY = "1,2";
				TEST_HOST = "$(BUILT_PRODUCTS_DIR)/foras.app/foras";
			};
			name = Debug;
		};
		B3EC38352033363500015081 /* Release */ = {
			isa = XCBuildConfiguration;
			buildSettings = {
				ALWAYS_EMBED_SWIFT_STANDARD_LIBRARIES = YES;
				BUNDLE_LOADER = "$(TEST_HOST)";
				CODE_SIGN_STYLE = Automatic;
				DEVELOPMENT_TEAM = 4X63XFM2RY;
				INFOPLIST_FILE = forasTests/Info.plist;
				LD_RUNPATH_SEARCH_PATHS = "$(inherited) @executable_path/Frameworks @loader_path/Frameworks";
				PRODUCT_BUNDLE_IDENTIFIER = io.perera.forasTests;
				PRODUCT_NAME = "$(TARGET_NAME)";
				SWIFT_VERSION = 4.0;
				TARGETED_DEVICE_FAMILY = "1,2";
				TEST_HOST = "$(BUILT_PRODUCTS_DIR)/foras.app/foras";
			};
			name = Release;
		};
		B3EC38372033363500015081 /* Debug */ = {
			isa = XCBuildConfiguration;
			buildSettings = {
				ALWAYS_EMBED_SWIFT_STANDARD_LIBRARIES = YES;
				CODE_SIGN_STYLE = Automatic;
				DEVELOPMENT_TEAM = 4X63XFM2RY;
				INFOPLIST_FILE = forasUITests/Info.plist;
				LD_RUNPATH_SEARCH_PATHS = "$(inherited) @executable_path/Frameworks @loader_path/Frameworks";
				PRODUCT_BUNDLE_IDENTIFIER = io.perera.forasUITests;
				PRODUCT_NAME = "$(TARGET_NAME)";
				SWIFT_VERSION = 4.0;
				TARGETED_DEVICE_FAMILY = "1,2";
				TEST_TARGET_NAME = foras;
			};
			name = Debug;
		};
		B3EC38382033363500015081 /* Release */ = {
			isa = XCBuildConfiguration;
			buildSettings = {
				ALWAYS_EMBED_SWIFT_STANDARD_LIBRARIES = YES;
				CODE_SIGN_STYLE = Automatic;
				DEVELOPMENT_TEAM = 4X63XFM2RY;
				INFOPLIST_FILE = forasUITests/Info.plist;
				LD_RUNPATH_SEARCH_PATHS = "$(inherited) @executable_path/Frameworks @loader_path/Frameworks";
				PRODUCT_BUNDLE_IDENTIFIER = io.perera.forasUITests;
				PRODUCT_NAME = "$(TARGET_NAME)";
				SWIFT_VERSION = 4.0;
				TARGETED_DEVICE_FAMILY = "1,2";
				TEST_TARGET_NAME = foras;
			};
			name = Release;
		};
/* End XCBuildConfiguration section */

/* Begin XCConfigurationList section */
		B3EC38002033363400015081 /* Build configuration list for PBXProject "foras" */ = {
			isa = XCConfigurationList;
			buildConfigurations = (
				B3EC382E2033363500015081 /* Debug */,
				B3EC382F2033363500015081 /* Release */,
			);
			defaultConfigurationIsVisible = 0;
			defaultConfigurationName = Release;
		};
		B3EC38302033363500015081 /* Build configuration list for PBXNativeTarget "foras" */ = {
			isa = XCConfigurationList;
			buildConfigurations = (
				B3EC38312033363500015081 /* Debug */,
				B3EC38322033363500015081 /* Release */,
			);
			defaultConfigurationIsVisible = 0;
			defaultConfigurationName = Release;
		};
		B3EC38332033363500015081 /* Build configuration list for PBXNativeTarget "forasTests" */ = {
			isa = XCConfigurationList;
			buildConfigurations = (
				B3EC38342033363500015081 /* Debug */,
				B3EC38352033363500015081 /* Release */,
			);
			defaultConfigurationIsVisible = 0;
			defaultConfigurationName = Release;
		};
		B3EC38362033363500015081 /* Build configuration list for PBXNativeTarget "forasUITests" */ = {
			isa = XCConfigurationList;
			buildConfigurations = (
				B3EC38372033363500015081 /* Debug */,
				B3EC38382033363500015081 /* Release */,
			);
			defaultConfigurationIsVisible = 0;
			defaultConfigurationName = Release;
		};
/* End XCConfigurationList section */

/* Begin XCVersionGroup section */
		B3EC380F2033363400015081 /* foras.xcdatamodeld */ = {
			isa = XCVersionGroup;
			children = (
				B3EC38102033363400015081 /* foras.xcdatamodel */,
			);
			currentVersion = B3EC38102033363400015081 /* foras.xcdatamodel */;
			path = foras.xcdatamodeld;
			sourceTree = "<group>";
			versionGroupType = wrapper.xcdatamodel;
		};
/* End XCVersionGroup section */
	};
	rootObject = B3EC37FD2033363400015081 /* Project object */;
}
